
Microsoft Visual Studio Solution File, Format Version 12.00
# Visual Studio 15
VisualStudioVersion = 15.0.28010.2036
MinimumVisualStudioVersion = 10.0.40219.1
Project("{FAE04EC0-301F-11D3-BF4B-00C04F79EFBC}") = "Nim", "Nim\Nim.csproj", "{323A5404-2F05-43B4-8DDC-43D281043CFA}"
EndProject
Project("{FAE04EC0-301F-11D3-BF4B-00C04F79EFBC}") = "NimLibrary", "NimLibrary\NimLibrary.csproj", "{A76E6AE8-E493-4A29-849E-9E6251D00BD9}"
EndProject
Project("{FAE04EC0-301F-11D3-BF4B-00C04F79EFBC}") = "NimTests", "NimTests\NimTests.csproj", "{A83410DE-E69C-4FCF-AE06-BC38EF03DB53}"
EndProject
Global
	GlobalSection(SolutionConfigurationPlatforms) = preSolution
		Debug|Any CPU = Debug|Any CPU
		Release|Any CPU = Release|Any CPU
	EndGlobalSection
	GlobalSection(ProjectConfigurationPlatforms) = postSolution
		{323A5404-2F05-43B4-8DDC-43D281043CFA}.Debug|Any CPU.ActiveCfg = Debug|Any CPU
		{323A5404-2F05-43B4-8DDC-43D281043CFA}.Debug|Any CPU.Build.0 = Debug|Any CPU
		{323A5404-2F05-43B4-8DDC-43D281043CFA}.Release|Any CPU.ActiveCfg = Release|Any CPU
		{323A5404-2F05-43B4-8DDC-43D281043CFA}.Release|Any CPU.Build.0 = Release|Any CPU
		{A76E6AE8-E493-4A29-849E-9E6251D00BD9}.Debug|Any CPU.ActiveCfg = Debug|Any CPU
		{A76E6AE8-E493-4A29-849E-9E6251D00BD9}.Debug|Any CPU.Build.0 = Debug|Any CPU
		{A76E6AE8-E493-4A29-849E-9E6251D00BD9}.Release|Any CPU.ActiveCfg = Release|Any CPU
		{A76E6AE8-E493-4A29-849E-9E6251D00BD9}.Release|Any CPU.Build.0 = Release|Any CPU
		{A83410DE-E69C-4FCF-AE06-BC38EF03DB53}.Debug|Any CPU.ActiveCfg = Debug|Any CPU
		{A83410DE-E69C-4FCF-AE06-BC38EF03DB53}.Debug|Any CPU.Build.0 = Debug|Any CPU
		{A83410DE-E69C-4FCF-AE06-BC38EF03DB53}.Release|Any CPU.ActiveCfg = Release|Any CPU
		{A83410DE-E69C-4FCF-AE06-BC38EF03DB53}.Release|Any CPU.Build.0 = Release|Any CPU
	EndGlobalSection
	GlobalSection(SolutionProperties) = preSolution
		HideSolutionNode = FALSE
	EndGlobalSection
	GlobalSection(ExtensibilityGlobals) = postSolution
		SolutionGuid = {00371C67-827A-4EDC-95A1-88D64DBD992E}
	EndGlobalSection
EndGlobal
